// !$*UTF8*$!
{
	archiveVersion = 1;
	classes = {
	};
	objectVersion = 50;
	objects = {

/* Begin PBXBuildFile section */
		A93A6B012436FB9800DC8124 /* Weather.swift in Sources */ = {isa = PBXBuildFile; fileRef = A93A6B002436FB9800DC8124 /* Weather.swift */; };
		A93A6B0324374C0900DC8124 /* SelectCityController.swift in Sources */ = {isa = PBXBuildFile; fileRef = A93A6B0224374C0900DC8124 /* SelectCityController.swift */; };
		A96A87792434C88C00161F64 /* AppDelegate.swift in Sources */ = {isa = PBXBuildFile; fileRef = A96A87782434C88C00161F64 /* AppDelegate.swift */; };
		A96A877B2434C88C00161F64 /* SceneDelegate.swift in Sources */ = {isa = PBXBuildFile; fileRef = A96A877A2434C88C00161F64 /* SceneDelegate.swift */; };
		A96A877D2434C88C00161F64 /* ViewController.swift in Sources */ = {isa = PBXBuildFile; fileRef = A96A877C2434C88C00161F64 /* ViewController.swift */; };
		A96A87802434C88C00161F64 /* Main.storyboard in Resources */ = {isa = PBXBuildFile; fileRef = A96A877E2434C88C00161F64 /* Main.storyboard */; };
		A96A87822434C88D00161F64 /* Assets.xcassets in Resources */ = {isa = PBXBuildFile; fileRef = A96A87812434C88D00161F64 /* Assets.xcassets */; };
		A96A87852434C88D00161F64 /* LaunchScreen.storyboard in Resources */ = {isa = PBXBuildFile; fileRef = A96A87832434C88D00161F64 /* LaunchScreen.storyboard */; };
		AF10105D00BC19873B5F46C5 /* Pods_Weather.framework in Frameworks */ = {isa = PBXBuildFile; fileRef = ECAB020B195FB82F6370493B /* Pods_Weather.framework */; };
/* End PBXBuildFile section */

/* Begin PBXFileReference section */
		27C607DE61DBFE4F93E90A47 /* Pods-Weather.debug.xcconfig */ = {isa = PBXFileReference; includeInIndex = 1; lastKnownFileType = text.xcconfig; name = "Pods-Weather.debug.xcconfig"; path = "Pods/Target Support Files/Pods-Weather/Pods-Weather.debug.xcconfig"; sourceTree = "<group>"; };
		2C7E661C07D11939241C2D6B /* Pods-Weather.release.xcconfig */ = {isa = PBXFileReference; includeInIndex = 1; lastKnownFileType = text.xcconfig; name = "Pods-Weather.release.xcconfig"; path = "Pods/Target Support Files/Pods-Weather/Pods-Weather.release.xcconfig"; sourceTree = "<group>"; };
		A93A6B002436FB9800DC8124 /* Weather.swift */ = {isa = PBXFileReference; lastKnownFileType = sourcecode.swift; path = Weather.swift; sourceTree = "<group>"; };
		A93A6B0224374C0900DC8124 /* SelectCityController.swift */ = {isa = PBXFileReference; lastKnownFileType = sourcecode.swift; path = SelectCityController.swift; sourceTree = "<group>"; };
		A96A87752434C88C00161F64 /* Weather.app */ = {isa = PBXFileReference; explicitFileType = wrapper.application; includeInIndex = 0; path = Weather.app; sourceTree = BUILT_PRODUCTS_DIR; };
		A96A87782434C88C00161F64 /* AppDelegate.swift */ = {isa = PBXFileReference; lastKnownFileType = sourcecode.swift; path = AppDelegate.swift; sourceTree = "<group>"; };
		A96A877A2434C88C00161F64 /* SceneDelegate.swift */ = {isa = PBXFileReference; lastKnownFileType = sourcecode.swift; path = SceneDelegate.swift; sourceTree = "<group>"; };
		A96A877C2434C88C00161F64 /* ViewController.swift */ = {isa = PBXFileReference; lastKnownFileType = sourcecode.swift; path = ViewController.swift; sourceTree = "<group>"; };
		A96A877F2434C88C00161F64 /* Base */ = {isa = PBXFileReference; lastKnownFileType = file.storyboard; name = Base; path = Base.lproj/Main.storyboard; sourceTree = "<group>"; };
		A96A87812434C88D00161F64 /* Assets.xcassets */ = {isa = PBXFileReference; lastKnownFileType = folder.assetcatalog; path = Assets.xcassets; sourceTree = "<group>"; };
		A96A87842434C88D00161F64 /* Base */ = {isa = PBXFileReference; lastKnownFileType = file.storyboard; name = Base; path = Base.lproj/LaunchScreen.storyboard; sourceTree = "<group>"; };
		A96A87862434C88D00161F64 /* Info.plist */ = {isa = PBXFileReference; lastKnownFileType = text.plist.xml; path = Info.plist; sourceTree = "<group>"; };
		ECAB020B195FB82F6370493B /* Pods_Weather.framework */ = {isa = PBXFileReference; explicitFileType = wrapper.framework; includeInIndex = 0; path = Pods_Weather.framework; sourceTree = BUILT_PRODUCTS_DIR; };
/* End PBXFileReference section */

/* Begin PBXFrameworksBuildPhase section */
		A96A87722434C88C00161F64 /* Frameworks */ = {
			isa = PBXFrameworksBuildPhase;
			buildActionMask = 2147483647;
			files = (
				AF10105D00BC19873B5F46C5 /* Pods_Weather.framework in Frameworks */,
			);
			runOnlyForDeploymentPostprocessing = 0;
		};
/* End PBXFrameworksBuildPhase section */

/* Begin PBXGroup section */
		1D14102C0ACBEECDD7F40F79 /* Frameworks */ = {
			isa = PBXGroup;
			children = (
				ECAB020B195FB82F6370493B /* Pods_Weather.framework */,
			);
			name = Frameworks;
			sourceTree = "<group>";
		};
		23FCB1768981B80A1E47C842 /* Pods */ = {
			isa = PBXGroup;
			children = (
				27C607DE61DBFE4F93E90A47 /* Pods-Weather.debug.xcconfig */,
				2C7E661C07D11939241C2D6B /* Pods-Weather.release.xcconfig */,
			);
			name = Pods;
			sourceTree = "<group>";
		};
		A96A876C2434C88C00161F64 = {
			isa = PBXGroup;
			children = (
				A96A87772434C88C00161F64 /* Weather */,
				A96A87762434C88C00161F64 /* Products */,
				23FCB1768981B80A1E47C842 /* Pods */,
				1D14102C0ACBEECDD7F40F79 /* Frameworks */,
			);
			sourceTree = "<group>";
		};
		A96A87762434C88C00161F64 /* Products */ = {
			isa = PBXGroup;
			children = (
				A96A87752434C88C00161F64 /* Weather.app */,
			);
			name = Products;
			sourceTree = "<group>";
		};
		A96A87772434C88C00161F64 /* Weather */ = {
			isa = PBXGroup;
			children = (
				A977D3C0243627160087ED6F /* Controller */,
				A977D3BE243626D90087ED6F /* Model */,
				A977D3BD243626BC0087ED6F /* View */,
				A96A877A2434C88C00161F64 /* SceneDelegate.swift */,
				A96A87812434C88D00161F64 /* Assets.xcassets */,
				A96A87862434C88D00161F64 /* Info.plist */,
			);
			path = Weather;
			sourceTree = "<group>";
		};
		A977D3BD243626BC0087ED6F /* View */ = {
			isa = PBXGroup;
			children = (
				A96A877E2434C88C00161F64 /* Main.storyboard */,
				A96A87832434C88D00161F64 /* LaunchScreen.storyboard */,
			);
			name = View;
			sourceTree = "<group>";
		};
		A977D3BE243626D90087ED6F /* Model */ = {
			isa = PBXGroup;
			children = (
				A93A6B002436FB9800DC8124 /* Weather.swift */,
			);
			name = Model;
			sourceTree = "<group>";
		};
		A977D3C0243627160087ED6F /* Controller */ = {
			isa = PBXGroup;
			children = (
				A96A87782434C88C00161F64 /* AppDelegate.swift */,
				A96A877C2434C88C00161F64 /* ViewController.swift */,
				A93A6B0224374C0900DC8124 /* SelectCityController.swift */,
			);
			name = Controller;
			sourceTree = "<group>";
		};
/* End PBXGroup section */

/* Begin PBXNativeTarget section */
		A96A87742434C88C00161F64 /* Weather */ = {
			isa = PBXNativeTarget;
			buildConfigurationList = A96A87892434C88D00161F64 /* Build configuration list for PBXNativeTarget "Weather" */;
			buildPhases = (
				CA8B7288A21A663B26F2FC6F /* [CP] Check Pods Manifest.lock */,
				A96A87712434C88C00161F64 /* Sources */,
				A96A87722434C88C00161F64 /* Frameworks */,
				A96A87732434C88C00161F64 /* Resources */,
				8D40585F501B5B732646CD37 /* [CP] Embed Pods Frameworks */,
			);
			buildRules = (
			);
			dependencies = (
			);
			name = Weather;
			productName = Weather;
			productReference = A96A87752434C88C00161F64 /* Weather.app */;
			productType = "com.apple.product-type.application";
		};
/* End PBXNativeTarget section */

/* Begin PBXProject section */
		A96A876D2434C88C00161F64 /* Project object */ = {
			isa = PBXProject;
			attributes = {
				LastSwiftUpdateCheck = 1140;
				LastUpgradeCheck = 1140;
				ORGANIZATIONNAME = zz;
				TargetAttributes = {
					A96A87742434C88C00161F64 = {
						CreatedOnToolsVersion = 11.4;
					};
				};
			};
			buildConfigurationList = A96A87702434C88C00161F64 /* Build configuration list for PBXProject "Weather" */;
			compatibilityVersion = "Xcode 9.3";
			developmentRegion = en;
			hasScannedForEncodings = 0;
			knownRegions = (
				en,
				Base,
			);
			mainGroup = A96A876C2434C88C00161F64;
			productRefGroup = A96A87762434C88C00161F64 /* Products */;
			projectDirPath = "";
			projectRoot = "";
			targets = (
				A96A87742434C88C00161F64 /* Weather */,
			);
		};
/* End PBXProject section */

/* Begin PBXResourcesBuildPhase section */
		A96A87732434C88C00161F64 /* Resources */ = {
			isa = PBXResourcesBuildPhase;
			buildActionMask = 2147483647;
			files = (
				A96A87852434C88D00161F64 /* LaunchScreen.storyboard in Resources */,
				A96A87822434C88D00161F64 /* Assets.xcassets in Resources */,
				A96A87802434C88C00161F64 /* Main.storyboard in Resources */,
			);
			runOnlyForDeploymentPostprocessing = 0;
		};
/* End PBXResourcesBuildPhase section */

/* Begin PBXShellScriptBuildPhase section */
		8D40585F501B5B732646CD37 /* [CP] Embed Pods Frameworks */ = {
			isa = PBXShellScriptBuildPhase;
			buildActionMask = 2147483647;
			files = (
			);
			inputPaths = (
				"${SRCROOT}/Pods/Target Support Files/Pods-Weather/Pods-Weather-frameworks.sh",
				"${BUILT_PRODUCTS_DIR}/Alamofire/Alamofire.framework",
				"${BUILT_PRODUCTS_DIR}/ByebyeUnicode/ByebyeUnicode.framework",
				"${BUILT_PRODUCTS_DIR}/SVProgressHUD/SVProgressHUD.framework",
				"${BUILT_PRODUCTS_DIR}/SwiftyJSON/SwiftyJSON.framework",
			);
			name = "[CP] Embed Pods Frameworks";
			outputPaths = (
				"${TARGET_BUILD_DIR}/${FRAMEWORKS_FOLDER_PATH}/Alamofire.framework",
				"${TARGET_BUILD_DIR}/${FRAMEWORKS_FOLDER_PATH}/ByebyeUnicode.framework",
				"${TARGET_BUILD_DIR}/${FRAMEWORKS_FOLDER_PATH}/SVProgressHUD.framework",
				"${TARGET_BUILD_DIR}/${FRAMEWORKS_FOLDER_PATH}/SwiftyJSON.framework",
			);
			runOnlyForDeploymentPostprocessing = 0;
			shellPath = /bin/sh;
			shellScript = "\"${SRCROOT}/Pods/Target Support Files/Pods-Weather/Pods-Weather-frameworks.sh\"\n";
			showEnvVarsInLog = 0;
		};
		CA8B7288A21A663B26F2FC6F /* [CP] Check Pods Manifest.lock */ = {
			isa = PBXShellScriptBuildPhase;
			buildActionMask = 2147483647;
			files = (
			);
			inputPaths = (
				"${PODS_PODFILE_DIR_PATH}/Podfile.lock",
				"${PODS_ROOT}/Manifest.lock",
			);
			name = "[CP] Check Pods Manifest.lock";
			outputPaths = (
				"$(DERIVED_FILE_DIR)/Pods-Weather-checkManifestLockResult.txt",
			);
			runOnlyForDeploymentPostprocessing = 0;
			shellPath = /bin/sh;
			shellScript = "diff \"${PODS_PODFILE_DIR_PATH}/Podfile.lock\" \"${PODS_ROOT}/Manifest.lock\" > /dev/null\nif [ $? != 0 ] ; then\n    # print error to STDERR\n    echo \"error: The sandbox is not in sync with the Podfile.lock. Run 'pod install' or update your CocoaPods installation.\" >&2\n    exit 1\nfi\n# This output is used by Xcode 'outputs' to avoid re-running this script phase.\necho \"SUCCESS\" > \"${SCRIPT_OUTPUT_FILE_0}\"\n";
			showEnvVarsInLog = 0;
		};
/* End PBXShellScriptBuildPhase section */

/* Begin PBXSourcesBuildPhase section */
		A96A87712434C88C00161F64 /* Sources */ = {
			isa = PBXSourcesBuildPhase;
			buildActionMask = 2147483647;
			files = (
				A93A6B012436FB9800DC8124 /* Weather.swift in Sources */,
				A96A877D2434C88C00161F64 /* ViewController.swift in Sources */,
				A96A87792434C88C00161F64 /* AppDelegate.swift in Sources */,
				A93A6B0324374C0900DC8124 /* SelectCityController.swift in Sources */,
				A96A877B2434C88C00161F64 /* SceneDelegate.swift in Sources */,
			);
			runOnlyForDeploymentPostprocessing = 0;
		};
/* End PBXSourcesBuildPhase section */

/* Begin PBXVariantGroup section */
		A96A877E2434C88C00161F64 /* Main.storyboard */ = {
			isa = PBXVariantGroup;
			children = (
				A96A877F2434C88C00161F64 /* Base */,
			);
			name = Main.storyboard;
			sourceTree = "<group>";
		};
		A96A87832434C88D00161F64 /* LaunchScreen.storyboard */ = {
			isa = PBXVariantGroup;
			children = (
				A96A87842434C88D00161F64 /* Base */,
			);
			name = LaunchScreen.storyboard;
			sourceTree = "<group>";
		};
/* End PBXVariantGroup section */

/* Begin XCBuildConfiguration section */
		A96A87872434C88D00161F64 /* Debug */ = {
			isa = XCBuildConfiguration;
			buildSettings = {
				ALWAYS_SEARCH_USER_PATHS = NO;
				CLANG_ANALYZER_NONNULL = YES;
				CLANG_ANALYZER_NUMBER_OBJECT_CONVERSION = YES_AGGRESSIVE;
				CLANG_CXX_LANGUAGE_STANDARD = "gnu++14";
				CLANG_CXX_LIBRARY = "libc++";
				CLANG_ENABLE_MODULES = YES;
				CLANG_ENABLE_OBJC_ARC = YES;
				CLANG_ENABLE_OBJC_WEAK = YES;
				CLANG_WARN_BLOCK_CAPTURE_AUTORELEASING = YES;
				CLANG_WARN_BOOL_CONVERSION = YES;
				CLANG_WARN_COMMA = YES;
				CLANG_WARN_CONSTANT_CONVERSION = YES;
				CLANG_WARN_DEPRECATED_OBJC_IMPLEMENTATIONS = YES;
				CLANG_WARN_DIRECT_OBJC_ISA_USAGE = YES_ERROR;
				CLANG_WARN_DOCUMENTATION_COMMENTS = YES;
				CLANG_WARN_EMPTY_BODY = YES;
				CLANG_WARN_ENUM_CONVERSION = YES;
				CLANG_WARN_INFINITE_RECURSION = YES;
				CLANG_WARN_INT_CONVERSION = YES;
				CLANG_WARN_NON_LITERAL_NULL_CONVERSION = YES;
				CLANG_WARN_OBJC_IMPLICIT_RETAIN_SELF = YES;
				CLANG_WARN_OBJC_LITERAL_CONVERSION = YES;
				CLANG_WARN_OBJC_ROOT_CLASS = YES_ERROR;
				CLANG_WARN_RANGE_LOOP_ANALYSIS = YES;
				CLANG_WARN_STRICT_PROTOTYPES = YES;
				CLANG_WARN_SUSPICIOUS_MOVE = YES;
				CLANG_WARN_UNGUARDED_AVAILABILITY = YES_AGGRESSIVE;
				CLANG_WARN_UNREACHABLE_CODE = YES;
				CLANG_WARN__DUPLICATE_METHOD_MATCH = YES;
				COPY_PHASE_STRIP = NO;
				DEBUG_INFORMATION_FORMAT = dwarf;
				ENABLE_STRICT_OBJC_MSGSEND = YES;
				ENABLE_TESTABILITY = YES;
				GCC_C_LANGUAGE_STANDARD = gnu11;
				GCC_DYNAMIC_NO_PIC = NO;
				GCC_NO_COMMON_BLOCKS = YES;
				GCC_OPTIMIZATION_LEVEL = 0;
				GCC_PREPROCESSOR_DEFINITIONS = (
					"DEBUG=1",
					"$(inherited)",
				);
				GCC_WARN_64_TO_32_BIT_CONVERSION = YES;
				GCC_WARN_ABOUT_RETURN_TYPE = YES_ERROR;
				GCC_WARN_UNDECLARED_SELECTOR = YES;
				GCC_WARN_UNINITIALIZED_AUTOS = YES_AGGRESSIVE;
				GCC_WARN_UNUSED_FUNCTION = YES;
				GCC_WARN_UNUSED_VARIABLE = YES;
				IPHONEOS_DEPLOYMENT_TARGET = 13.4;
				MTL_ENABLE_DEBUG_INFO = INCLUDE_SOURCE;
				MTL_FAST_MATH = YES;
				ONLY_ACTIVE_ARCH = YES;
				SDKROOT = iphoneos;
				SWIFT_ACTIVE_COMPILATION_CONDITIONS = DEBUG;
				SWIFT_OPTIMIZATION_LEVEL = "-Onone";
			};
			name = Debug;
		};
		A96A87882434C88D00161F64 /* Release */ = {
			isa = XCBuildConfiguration;
			buildSettings = {
				ALWAYS_SEARCH_USER_PATHS = NO;
				CLANG_ANALYZER_NONNULL = YES;
				CLANG_ANALYZER_NUMBER_OBJECT_CONVERSION = YES_AGGRESSIVE;
				CLANG_CXX_LANGUAGE_STANDARD = "gnu++14";
				CLANG_CXX_LIBRARY = "libc++";
				CLANG_ENABLE_MODULES = YES;
				CLANG_ENABLE_OBJC_ARC = YES;
				CLANG_ENABLE_OBJC_WEAK = YES;
				CLANG_WARN_BLOCK_CAPTURE_AUTORELEASING = YES;
				CLANG_WARN_BOOL_CONVERSION = YES;
				CLANG_WARN_COMMA = YES;
				CLANG_WARN_CONSTANT_CONVERSION = YES;
				CLANG_WARN_DEPRECATED_OBJC_IMPLEMENTATIONS = YES;
				CLANG_WARN_DIRECT_OBJC_ISA_USAGE = YES_ERROR;
				CLANG_WARN_DOCUMENTATION_COMMENTS = YES;
				CLANG_WARN_EMPTY_BODY = YES;
				CLANG_WARN_ENUM_CONVERSION = YES;
				CLANG_WARN_INFINITE_RECURSION = YES;
				CLANG_WARN_INT_CONVERSION = YES;
				CLANG_WARN_NON_LITERAL_NULL_CONVERSION = YES;
				CLANG_WARN_OBJC_IMPLICIT_RETAIN_SELF = YES;
				CLANG_WARN_OBJC_LITERAL_CONVERSION = YES;
				CLANG_WARN_OBJC_ROOT_CLASS = YES_ERROR;
				CLANG_WARN_RANGE_LOOP_ANALYSIS = YES;
				CLANG_WARN_STRICT_PROTOTYPES = YES;
				CLANG_WARN_SUSPICIOUS_MOVE = YES;
				CLANG_WARN_UNGUARDED_AVAILABILITY = YES_AGGRESSIVE;
				CLANG_WARN_UNREACHABLE_CODE = YES;
				CLANG_WARN__DUPLICATE_METHOD_MATCH = YES;
				COPY_PHASE_STRIP = NO;
				DEBUG_INFORMATION_FORMAT = "dwarf-with-dsym";
				ENABLE_NS_ASSERTIONS = NO;
				ENABLE_STRICT_OBJC_MSGSEND = YES;
				GCC_C_LANGUAGE_STANDARD = gnu11;
				GCC_NO_COMMON_BLOCKS = YES;
				GCC_WARN_64_TO_32_BIT_CONVERSION = YES;
				GCC_WARN_ABOUT_RETURN_TYPE = YES_ERROR;
				GCC_WARN_UNDECLARED_SELECTOR = YES;
				GCC_WARN_UNINITIALIZED_AUTOS = YES_AGGRESSIVE;
				GCC_WARN_UNUSED_FUNCTION = YES;
				GCC_WARN_UNUSED_VARIABLE = YES;
				IPHONEOS_DEPLOYMENT_TARGET = 13.4;
				MTL_ENABLE_DEBUG_INFO = NO;
				MTL_FAST_MATH = YES;
				SDKROOT = iphoneos;
				SWIFT_COMPILATION_MODE = wholemodule;
				SWIFT_OPTIMIZATION_LEVEL = "-O";
				VALIDATE_PRODUCT = YES;
			};
			name = Release;
		};
		A96A878A2434C88D00161F64 /* Debug */ = {
			isa = XCBuildConfiguration;
			baseConfigurationReference = 27C607DE61DBFE4F93E90A47 /* Pods-Weather.debug.xcconfig */;
			buildSettings = {
				ASSETCATALOG_COMPILER_APPICON_NAME = AppIcon;
				CODE_SIGN_STYLE = Automatic;
				DEVELOPMENT_TEAM = 7XD5JZCUAR;
				INFOPLIST_FILE = Weather/Info.plist;
				IPHONEOS_DEPLOYMENT_TARGET = 13.3;
				LD_RUNPATH_SEARCH_PATHS = (
					"$(inherited)",
					"@executable_path/Frameworks",
				);
				PRODUCT_BUNDLE_IDENTIFIER = xyz.gcc520.Weather;
				PRODUCT_NAME = "$(TARGET_NAME)";
				SWIFT_VERSION = 5.0;
				TARGETED_DEVICE_FAMILY = 1;
			};
			name = Debug;
		};
		A96A878B2434C88D00161F64 /* Release */ = {
			isa = XCBuildConfiguration;
			baseConfigurationReference = 2C7E661C07D11939241C2D6B /* Pods-Weather.release.xcconfig */;
			buildSettings = {
				ASSETCATALOG_COMPILER_APPICON_NAME = AppIcon;
				CODE_SIGN_STYLE = Automatic;
				DEVELOPMENT_TEAM = 7XD5JZCUAR;
				INFOPLIST_FILE = Weather/Info.plist;
				IPHONEOS_DEPLOYMENT_TARGET = 13.3;
				LD_RUNPATH_SEARCH_PATHS = (
					"$(inherited)",
					"@executable_path/Frameworks",
				);
				PRODUCT_BUNDLE_IDENTIFIER = xyz.gcc520.Weather;
				PRODUCT_NAME = "$(TARGET_NAME)";
				SWIFT_VERSION = 5.0;
				TARGETED_DEVICE_FAMILY = 1;
			};
			name = Release;
		};
/* End XCBuildConfiguration section */

/* Begin XCConfigurationList section */
		A96A87702434C88C00161F64 /* Build configuration list for PBXProject "Weather" */ = {
			isa = XCConfigurationList;
			buildConfigurations = (
				A96A87872434C88D00161F64 /* Debug */,
				A96A87882434C88D00161F64 /* Release */,
			);
			defaultConfigurationIsVisible = 0;
			defaultConfigurationName = Release;
		};
		A96A87892434C88D00161F64 /* Build configuration list for PBXNativeTarget "Weather" */ = {
			isa = XCConfigurationList;
			buildConfigurations = (
				A96A878A2434C88D00161F64 /* Debug */,
				A96A878B2434C88D00161F64 /* Release */,
			);
			defaultConfigurationIsVisible = 0;
			defaultConfigurationName = Release;
		};
/* End XCConfigurationList section */
	};
	rootObject = A96A876D2434C88C00161F64 /* Project object */;
}
