// !$*UTF8*$!
{
	archiveVersion = 1;
	classes = {
	};
	objectVersion = 50;
	objects = {

/* Begin PBXBuildFile section */
		A9B00D01242DBBD5004E2FE0 /* AppDelegate.swift in Sources */ = {isa = PBXBuildFile; fileRef = A9B00D00242DBBD5004E2FE0 /* AppDelegate.swift */; };
		A9B00D03242DBBD5004E2FE0 /* SceneDelegate.swift in Sources */ = {isa = PBXBuildFile; fileRef = A9B00D02242DBBD5004E2FE0 /* SceneDelegate.swift */; };
		A9B00D05242DBBD5004E2FE0 /* ViewController.swift in Sources */ = {isa = PBXBuildFile; fileRef = A9B00D04242DBBD5004E2FE0 /* ViewController.swift */; };
		A9B00D08242DBBD5004E2FE0 /* Main.storyboard in Resources */ = {isa = PBXBuildFile; fileRef = A9B00D06242DBBD5004E2FE0 /* Main.storyboard */; };
		A9B00D0A242DBBD5004E2FE0 /* Assets.xcassets in Resources */ = {isa = PBXBuildFile; fileRef = A9B00D09242DBBD5004E2FE0 /* Assets.xcassets */; };
		A9B00D0D242DBBD5004E2FE0 /* LaunchScreen.storyboard in Resources */ = {isa = PBXBuildFile; fileRef = A9B00D0B242DBBD5004E2FE0 /* LaunchScreen.storyboard */; };
		A9B00D4E242DD4A9004E2FE0 /* note3.wav in Resources */ = {isa = PBXBuildFile; fileRef = A9B00D4D242DD4A9004E2FE0 /* note3.wav */; };
		A9B00D50242DD4AD004E2FE0 /* note4.wav in Resources */ = {isa = PBXBuildFile; fileRef = A9B00D4F242DD4AD004E2FE0 /* note4.wav */; };
		A9B00D54242DD500004E2FE0 /* note5.wav in Resources */ = {isa = PBXBuildFile; fileRef = A9B00D53242DD500004E2FE0 /* note5.wav */; };
		A9B00D57242DD508004E2FE0 /* note7.wav in Resources */ = {isa = PBXBuildFile; fileRef = A9B00D55242DD508004E2FE0 /* note7.wav */; };
		A9B00D58242DD508004E2FE0 /* note6.wav in Resources */ = {isa = PBXBuildFile; fileRef = A9B00D56242DD508004E2FE0 /* note6.wav */; };
		A9B00D5B242DD51D004E2FE0 /* note2.wav in Resources */ = {isa = PBXBuildFile; fileRef = A9B00D59242DD51D004E2FE0 /* note2.wav */; };
		A9B00D5C242DD51D004E2FE0 /* note1.wav in Resources */ = {isa = PBXBuildFile; fileRef = A9B00D5A242DD51D004E2FE0 /* note1.wav */; };
/* End PBXBuildFile section */

/* Begin PBXFileReference section */
		A9B00CFD242DBBD5004E2FE0 /* 木琴.app */ = {isa = PBXFileReference; explicitFileType = wrapper.application; includeInIndex = 0; path = "木琴.app"; sourceTree = BUILT_PRODUCTS_DIR; };
		A9B00D00242DBBD5004E2FE0 /* AppDelegate.swift */ = {isa = PBXFileReference; lastKnownFileType = sourcecode.swift; path = AppDelegate.swift; sourceTree = "<group>"; };
		A9B00D02242DBBD5004E2FE0 /* SceneDelegate.swift */ = {isa = PBXFileReference; lastKnownFileType = sourcecode.swift; path = SceneDelegate.swift; sourceTree = "<group>"; };
		A9B00D04242DBBD5004E2FE0 /* ViewController.swift */ = {isa = PBXFileReference; lastKnownFileType = sourcecode.swift; path = ViewController.swift; sourceTree = "<group>"; };
		A9B00D07242DBBD5004E2FE0 /* Base */ = {isa = PBXFileReference; lastKnownFileType = file.storyboard; name = Base; path = Base.lproj/Main.storyboard; sourceTree = "<group>"; };
		A9B00D09242DBBD5004E2FE0 /* Assets.xcassets */ = {isa = PBXFileReference; lastKnownFileType = folder.assetcatalog; path = Assets.xcassets; sourceTree = "<group>"; };
		A9B00D0C242DBBD5004E2FE0 /* Base */ = {isa = PBXFileReference; lastKnownFileType = file.storyboard; name = Base; path = Base.lproj/LaunchScreen.storyboard; sourceTree = "<group>"; };
		A9B00D0E242DBBD5004E2FE0 /* Info.plist */ = {isa = PBXFileReference; lastKnownFileType = text.plist.xml; path = Info.plist; sourceTree = "<group>"; };
		A9B00D4D242DD4A9004E2FE0 /* note3.wav */ = {isa = PBXFileReference; lastKnownFileType = audio.wav; path = note3.wav; sourceTree = "<group>"; };
		A9B00D4F242DD4AD004E2FE0 /* note4.wav */ = {isa = PBXFileReference; lastKnownFileType = audio.wav; path = note4.wav; sourceTree = "<group>"; };
		A9B00D53242DD500004E2FE0 /* note5.wav */ = {isa = PBXFileReference; lastKnownFileType = audio.wav; path = note5.wav; sourceTree = "<group>"; };
		A9B00D55242DD508004E2FE0 /* note7.wav */ = {isa = PBXFileReference; lastKnownFileType = audio.wav; path = note7.wav; sourceTree = "<group>"; };
		A9B00D56242DD508004E2FE0 /* note6.wav */ = {isa = PBXFileReference; lastKnownFileType = audio.wav; path = note6.wav; sourceTree = "<group>"; };
		A9B00D59242DD51D004E2FE0 /* note2.wav */ = {isa = PBXFileReference; lastKnownFileType = audio.wav; name = note2.wav; path = "../../../iOS12+Swift5零基础版-更新iOS13+SwiftUI/6-音乐App-木琴App(素材)/木琴App-初始版/Xylophone/note2.wav"; sourceTree = "<group>"; };
		A9B00D5A242DD51D004E2FE0 /* note1.wav */ = {isa = PBXFileReference; lastKnownFileType = audio.wav; name = note1.wav; path = "../../../iOS12+Swift5零基础版-更新iOS13+SwiftUI/6-音乐App-木琴App(素材)/木琴App-初始版/Xylophone/note1.wav"; sourceTree = "<group>"; };
/* End PBXFileReference section */

/* Begin PBXFrameworksBuildPhase section */
		A9B00CFA242DBBD5004E2FE0 /* Frameworks */ = {
			isa = PBXFrameworksBuildPhase;
			buildActionMask = 2147483647;
			files = (
			);
			runOnlyForDeploymentPostprocessing = 0;
		};
/* End PBXFrameworksBuildPhase section */

/* Begin PBXGroup section */
		A9B00CF4242DBBD5004E2FE0 = {
			isa = PBXGroup;
			children = (
				A9B00CFF242DBBD5004E2FE0 /* 木琴 */,
				A9B00CFE242DBBD5004E2FE0 /* Products */,
			);
			sourceTree = "<group>";
		};
		A9B00CFE242DBBD5004E2FE0 /* Products */ = {
			isa = PBXGroup;
			children = (
				A9B00CFD242DBBD5004E2FE0 /* 木琴.app */,
			);
			name = Products;
			sourceTree = "<group>";
		};
		A9B00CFF242DBBD5004E2FE0 /* 木琴 */ = {
			isa = PBXGroup;
			children = (
				A9B00D52242DD4EC004E2FE0 /* New Group */,
				A9B00D00242DBBD5004E2FE0 /* AppDelegate.swift */,
				A9B00D02242DBBD5004E2FE0 /* SceneDelegate.swift */,
				A9B00D04242DBBD5004E2FE0 /* ViewController.swift */,
				A9B00D06242DBBD5004E2FE0 /* Main.storyboard */,
				A9B00D09242DBBD5004E2FE0 /* Assets.xcassets */,
				A9B00D0B242DBBD5004E2FE0 /* LaunchScreen.storyboard */,
				A9B00D0E242DBBD5004E2FE0 /* Info.plist */,
			);
			path = "木琴";
			sourceTree = "<group>";
		};
		A9B00D52242DD4EC004E2FE0 /* New Group */ = {
			isa = PBXGroup;
			children = (
				A9B00D5A242DD51D004E2FE0 /* note1.wav */,
				A9B00D59242DD51D004E2FE0 /* note2.wav */,
				A9B00D4D242DD4A9004E2FE0 /* note3.wav */,
				A9B00D4F242DD4AD004E2FE0 /* note4.wav */,
				A9B00D53242DD500004E2FE0 /* note5.wav */,
				A9B00D56242DD508004E2FE0 /* note6.wav */,
				A9B00D55242DD508004E2FE0 /* note7.wav */,
			);
			name = "New Group";
			sourceTree = "<group>";
		};
/* End PBXGroup section */

/* Begin PBXNativeTarget section */
		A9B00CFC242DBBD5004E2FE0 /* 木琴 */ = {
			isa = PBXNativeTarget;
			buildConfigurationList = A9B00D11242DBBD5004E2FE0 /* Build configuration list for PBXNativeTarget "木琴" */;
			buildPhases = (
				A9B00CF9242DBBD5004E2FE0 /* Sources */,
				A9B00CFA242DBBD5004E2FE0 /* Frameworks */,
				A9B00CFB242DBBD5004E2FE0 /* Resources */,
			);
			buildRules = (
			);
			dependencies = (
			);
			name = "木琴";
			productName = "木琴";
			productReference = A9B00CFD242DBBD5004E2FE0 /* 木琴.app */;
			productType = "com.apple.product-type.application";
		};
/* End PBXNativeTarget section */

/* Begin PBXProject section */
		A9B00CF5242DBBD5004E2FE0 /* Project object */ = {
			isa = PBXProject;
			attributes = {
				LastSwiftUpdateCheck = 1130;
				LastUpgradeCheck = 1130;
				ORGANIZATIONNAME = zz;
				TargetAttributes = {
					A9B00CFC242DBBD5004E2FE0 = {
						CreatedOnToolsVersion = 11.3.1;
					};
				};
			};
			buildConfigurationList = A9B00CF8242DBBD5004E2FE0 /* Build configuration list for PBXProject "木琴" */;
			compatibilityVersion = "Xcode 9.3";
			developmentRegion = en;
			hasScannedForEncodings = 0;
			knownRegions = (
				en,
				Base,
			);
			mainGroup = A9B00CF4242DBBD5004E2FE0;
			productRefGroup = A9B00CFE242DBBD5004E2FE0 /* Products */;
			projectDirPath = "";
			projectRoot = "";
			targets = (
				A9B00CFC242DBBD5004E2FE0 /* 木琴 */,
			);
		};
/* End PBXProject section */

/* Begin PBXResourcesBuildPhase section */
		A9B00CFB242DBBD5004E2FE0 /* Resources */ = {
			isa = PBXResourcesBuildPhase;
			buildActionMask = 2147483647;
			files = (
				A9B00D5B242DD51D004E2FE0 /* note2.wav in Resources */,
				A9B00D57242DD508004E2FE0 /* note7.wav in Resources */,
				A9B00D58242DD508004E2FE0 /* note6.wav in Resources */,
				A9B00D54242DD500004E2FE0 /* note5.wav in Resources */,
				A9B00D4E242DD4A9004E2FE0 /* note3.wav in Resources */,
				A9B00D50242DD4AD004E2FE0 /* note4.wav in Resources */,
				A9B00D0D242DBBD5004E2FE0 /* LaunchScreen.storyboard in Resources */,
				A9B00D0A242DBBD5004E2FE0 /* Assets.xcassets in Resources */,
				A9B00D5C242DD51D004E2FE0 /* note1.wav in Resources */,
				A9B00D08242DBBD5004E2FE0 /* Main.storyboard in Resources */,
			);
			runOnlyForDeploymentPostprocessing = 0;
		};
/* End PBXResourcesBuildPhase section */

/* Begin PBXSourcesBuildPhase section */
		A9B00CF9242DBBD5004E2FE0 /* Sources */ = {
			isa = PBXSourcesBuildPhase;
			buildActionMask = 2147483647;
			files = (
				A9B00D05242DBBD5004E2FE0 /* ViewController.swift in Sources */,
				A9B00D01242DBBD5004E2FE0 /* AppDelegate.swift in Sources */,
				A9B00D03242DBBD5004E2FE0 /* SceneDelegate.swift in Sources */,
			);
			runOnlyForDeploymentPostprocessing = 0;
		};
/* End PBXSourcesBuildPhase section */

/* Begin PBXVariantGroup section */
		A9B00D06242DBBD5004E2FE0 /* Main.storyboard */ = {
			isa = PBXVariantGroup;
			children = (
				A9B00D07242DBBD5004E2FE0 /* Base */,
			);
			name = Main.storyboard;
			sourceTree = "<group>";
		};
		A9B00D0B242DBBD5004E2FE0 /* LaunchScreen.storyboard */ = {
			isa = PBXVariantGroup;
			children = (
				A9B00D0C242DBBD5004E2FE0 /* Base */,
			);
			name = LaunchScreen.storyboard;
			sourceTree = "<group>";
		};
/* End PBXVariantGroup section */

/* Begin XCBuildConfiguration section */
		A9B00D0F242DBBD5004E2FE0 /* Debug */ = {
			isa = XCBuildConfiguration;
			buildSettings = {
				ALWAYS_SEARCH_USER_PATHS = NO;
				CLANG_ANALYZER_NONNULL = YES;
				CLANG_ANALYZER_NUMBER_OBJECT_CONVERSION = YES_AGGRESSIVE;
				CLANG_CXX_LANGUAGE_STANDARD = "gnu++14";
				CLANG_CXX_LIBRARY = "libc++";
				CLANG_ENABLE_MODULES = YES;
				CLANG_ENABLE_OBJC_ARC = YES;
				CLANG_ENABLE_OBJC_WEAK = YES;
				CLANG_WARN_BLOCK_CAPTURE_AUTORELEASING = YES;
				CLANG_WARN_BOOL_CONVERSION = YES;
				CLANG_WARN_COMMA = YES;
				CLANG_WARN_CONSTANT_CONVERSION = YES;
				CLANG_WARN_DEPRECATED_OBJC_IMPLEMENTATIONS = YES;
				CLANG_WARN_DIRECT_OBJC_ISA_USAGE = YES_ERROR;
				CLANG_WARN_DOCUMENTATION_COMMENTS = YES;
				CLANG_WARN_EMPTY_BODY = YES;
				CLANG_WARN_ENUM_CONVERSION = YES;
				CLANG_WARN_INFINITE_RECURSION = YES;
				CLANG_WARN_INT_CONVERSION = YES;
				CLANG_WARN_NON_LITERAL_NULL_CONVERSION = YES;
				CLANG_WARN_OBJC_IMPLICIT_RETAIN_SELF = YES;
				CLANG_WARN_OBJC_LITERAL_CONVERSION = YES;
				CLANG_WARN_OBJC_ROOT_CLASS = YES_ERROR;
				CLANG_WARN_RANGE_LOOP_ANALYSIS = YES;
				CLANG_WARN_STRICT_PROTOTYPES = YES;
				CLANG_WARN_SUSPICIOUS_MOVE = YES;
				CLANG_WARN_UNGUARDED_AVAILABILITY = YES_AGGRESSIVE;
				CLANG_WARN_UNREACHABLE_CODE = YES;
				CLANG_WARN__DUPLICATE_METHOD_MATCH = YES;
				COPY_PHASE_STRIP = NO;
				DEBUG_INFORMATION_FORMAT = dwarf;
				ENABLE_STRICT_OBJC_MSGSEND = YES;
				ENABLE_TESTABILITY = YES;
				GCC_C_LANGUAGE_STANDARD = gnu11;
				GCC_DYNAMIC_NO_PIC = NO;
				GCC_NO_COMMON_BLOCKS = YES;
				GCC_OPTIMIZATION_LEVEL = 0;
				GCC_PREPROCESSOR_DEFINITIONS = (
					"DEBUG=1",
					"$(inherited)",
				);
				GCC_WARN_64_TO_32_BIT_CONVERSION = YES;
				GCC_WARN_ABOUT_RETURN_TYPE = YES_ERROR;
				GCC_WARN_UNDECLARED_SELECTOR = YES;
				GCC_WARN_UNINITIALIZED_AUTOS = YES_AGGRESSIVE;
				GCC_WARN_UNUSED_FUNCTION = YES;
				GCC_WARN_UNUSED_VARIABLE = YES;
				IPHONEOS_DEPLOYMENT_TARGET = 13.2;
				MTL_ENABLE_DEBUG_INFO = INCLUDE_SOURCE;
				MTL_FAST_MATH = YES;
				ONLY_ACTIVE_ARCH = YES;
				SDKROOT = iphoneos;
				SWIFT_ACTIVE_COMPILATION_CONDITIONS = DEBUG;
				SWIFT_OPTIMIZATION_LEVEL = "-Onone";
			};
			name = Debug;
		};
		A9B00D10242DBBD5004E2FE0 /* Release */ = {
			isa = XCBuildConfiguration;
			buildSettings = {
				ALWAYS_SEARCH_USER_PATHS = NO;
				CLANG_ANALYZER_NONNULL = YES;
				CLANG_ANALYZER_NUMBER_OBJECT_CONVERSION = YES_AGGRESSIVE;
				CLANG_CXX_LANGUAGE_STANDARD = "gnu++14";
				CLANG_CXX_LIBRARY = "libc++";
				CLANG_ENABLE_MODULES = YES;
				CLANG_ENABLE_OBJC_ARC = YES;
				CLANG_ENABLE_OBJC_WEAK = YES;
				CLANG_WARN_BLOCK_CAPTURE_AUTORELEASING = YES;
				CLANG_WARN_BOOL_CONVERSION = YES;
				CLANG_WARN_COMMA = YES;
				CLANG_WARN_CONSTANT_CONVERSION = YES;
				CLANG_WARN_DEPRECATED_OBJC_IMPLEMENTATIONS = YES;
				CLANG_WARN_DIRECT_OBJC_ISA_USAGE = YES_ERROR;
				CLANG_WARN_DOCUMENTATION_COMMENTS = YES;
				CLANG_WARN_EMPTY_BODY = YES;
				CLANG_WARN_ENUM_CONVERSION = YES;
				CLANG_WARN_INFINITE_RECURSION = YES;
				CLANG_WARN_INT_CONVERSION = YES;
				CLANG_WARN_NON_LITERAL_NULL_CONVERSION = YES;
				CLANG_WARN_OBJC_IMPLICIT_RETAIN_SELF = YES;
				CLANG_WARN_OBJC_LITERAL_CONVERSION = YES;
				CLANG_WARN_OBJC_ROOT_CLASS = YES_ERROR;
				CLANG_WARN_RANGE_LOOP_ANALYSIS = YES;
				CLANG_WARN_STRICT_PROTOTYPES = YES;
				CLANG_WARN_SUSPICIOUS_MOVE = YES;
				CLANG_WARN_UNGUARDED_AVAILABILITY = YES_AGGRESSIVE;
				CLANG_WARN_UNREACHABLE_CODE = YES;
				CLANG_WARN__DUPLICATE_METHOD_MATCH = YES;
				COPY_PHASE_STRIP = NO;
				DEBUG_INFORMATION_FORMAT = "dwarf-with-dsym";
				ENABLE_NS_ASSERTIONS = NO;
				ENABLE_STRICT_OBJC_MSGSEND = YES;
				GCC_C_LANGUAGE_STANDARD = gnu11;
				GCC_NO_COMMON_BLOCKS = YES;
				GCC_WARN_64_TO_32_BIT_CONVERSION = YES;
				GCC_WARN_ABOUT_RETURN_TYPE = YES_ERROR;
				GCC_WARN_UNDECLARED_SELECTOR = YES;
				GCC_WARN_UNINITIALIZED_AUTOS = YES_AGGRESSIVE;
				GCC_WARN_UNUSED_FUNCTION = YES;
				GCC_WARN_UNUSED_VARIABLE = YES;
				IPHONEOS_DEPLOYMENT_TARGET = 13.2;
				MTL_ENABLE_DEBUG_INFO = NO;
				MTL_FAST_MATH = YES;
				SDKROOT = iphoneos;
				SWIFT_COMPILATION_MODE = wholemodule;
				SWIFT_OPTIMIZATION_LEVEL = "-O";
				VALIDATE_PRODUCT = YES;
			};
			name = Release;
		};
		A9B00D12242DBBD5004E2FE0 /* Debug */ = {
			isa = XCBuildConfiguration;
			buildSettings = {
				ASSETCATALOG_COMPILER_APPICON_NAME = AppIcon;
				CODE_SIGN_STYLE = Automatic;
				DEVELOPMENT_TEAM = 7XD5JZCUAR;
				INFOPLIST_FILE = "木琴/Info.plist";
				LD_RUNPATH_SEARCH_PATHS = (
					"$(inherited)",
					"@executable_path/Frameworks",
				);
				PRODUCT_BUNDLE_IDENTIFIER = "xyz.gcc520.--";
				PRODUCT_NAME = "$(TARGET_NAME)";
				SWIFT_VERSION = 5.0;
				TARGETED_DEVICE_FAMILY = 1;
			};
			name = Debug;
		};
		A9B00D13242DBBD5004E2FE0 /* Release */ = {
			isa = XCBuildConfiguration;
			buildSettings = {
				ASSETCATALOG_COMPILER_APPICON_NAME = AppIcon;
				CODE_SIGN_STYLE = Automatic;
				DEVELOPMENT_TEAM = 7XD5JZCUAR;
				INFOPLIST_FILE = "木琴/Info.plist";
				LD_RUNPATH_SEARCH_PATHS = (
					"$(inherited)",
					"@executable_path/Frameworks",
				);
				PRODUCT_BUNDLE_IDENTIFIER = "xyz.gcc520.--";
				PRODUCT_NAME = "$(TARGET_NAME)";
				SWIFT_VERSION = 5.0;
				TARGETED_DEVICE_FAMILY = 1;
			};
			name = Release;
		};
/* End XCBuildConfiguration section */

/* Begin XCConfigurationList section */
		A9B00CF8242DBBD5004E2FE0 /* Build configuration list for PBXProject "木琴" */ = {
			isa = XCConfigurationList;
			buildConfigurations = (
				A9B00D0F242DBBD5004E2FE0 /* Debug */,
				A9B00D10242DBBD5004E2FE0 /* Release */,
			);
			defaultConfigurationIsVisible = 0;
			defaultConfigurationName = Release;
		};
		A9B00D11242DBBD5004E2FE0 /* Build configuration list for PBXNativeTarget "木琴" */ = {
			isa = XCConfigurationList;
			buildConfigurations = (
				A9B00D12242DBBD5004E2FE0 /* Debug */,
				A9B00D13242DBBD5004E2FE0 /* Release */,
			);
			defaultConfigurationIsVisible = 0;
			defaultConfigurationName = Release;
		};
/* End XCConfigurationList section */
	};
	rootObject = A9B00CF5242DBBD5004E2FE0 /* Project object */;
}
